{
  "name": "surf-agent-skill",
  "version": "8.0.1",
  "lockfileVersion": 3,
  "requires": true,
  "packages": {
    "": {
      "name": "surf-agent-skill",
      "version": "8.0.1",
      "hasInstallScript": true,
      "license": "MIT",
      "bin": {
        "surf": "bin/surf.mjs",
        "surf-plan-skill": "bin/surf-plan-skill.mjs",
        "surf-research-skill": "bin/surf-research-skill.mjs",
        "surf-search-normal": "bin/surf-search-normal.mjs",
        "surf-search-unlimit": "bin/surf-search-unlimit.mjs"
      },
      "engines": {
        "node": ">=18"
      }
    }
  }
}
